
Microsoft Visual Studio Solution File, Format Version 12.00
# Visual Studio Version 17
VisualStudioVersion = 17.2.32526.322
MinimumVisualStudioVersion = 10.0.40219.1
Project("{9A19103F-16F7-4668-BE54-9A1E7A4F7556}") = "ClientApp", "Wordpress-Commenter\ClientApp.csproj", "{94E6EBA1-30F2-4B21-A525-D8B0A46201E0}"
EndProject
Project("{9A19103F-16F7-4668-BE54-9A1E7A4F7556}") = "DataAccess", "DataAccess\DataAccess.csproj", "{6AA50F05-C6A7-440A-A260-556C602A3047}"
EndProject
Project("{9A19103F-16F7-4668-BE54-9A1E7A4F7556}") = "AppDTOs", "AppDTOs\AppDTOs.csproj", "{15FBFAB8-8B33-4FDD-B40D-55C10A0691B6}"
EndProject
Global
	GlobalSection(SolutionConfigurationPlatforms) = preSolution
		Debug|Any CPU = Debug|Any CPU
		Release|Any CPU = Release|Any CPU
	EndGlobalSection
	GlobalSection(ProjectConfigurationPlatforms) = postSolution
		{94E6EBA1-30F2-4B21-A525-D8B0A46201E0}.Debug|Any CPU.ActiveCfg = Debug|Any CPU
		{94E6EBA1-30F2-4B21-A525-D8B0A46201E0}.Debug|Any CPU.Build.0 = Debug|Any CPU
		{94E6EBA1-30F2-4B21-A525-D8B0A46201E0}.Release|Any CPU.ActiveCfg = Release|Any CPU
		{94E6EBA1-30F2-4B21-A525-D8B0A46201E0}.Release|Any CPU.Build.0 = Release|Any CPU
		{6AA50F05-C6A7-440A-A260-556C602A3047}.Debug|Any CPU.ActiveCfg = Debug|Any CPU
		{6AA50F05-C6A7-440A-A260-556C602A3047}.Debug|Any CPU.Build.0 = Debug|Any CPU
		{6AA50F05-C6A7-440A-A260-556C602A3047}.Release|Any CPU.ActiveCfg = Release|Any CPU
		{6AA50F05-C6A7-440A-A260-556C602A3047}.Release|Any CPU.Build.0 = Release|Any CPU
		{15FBFAB8-8B33-4FDD-B40D-55C10A0691B6}.Debug|Any CPU.ActiveCfg = Debug|Any CPU
		{15FBFAB8-8B33-4FDD-B40D-55C10A0691B6}.Debug|Any CPU.Build.0 = Debug|Any CPU
		{15FBFAB8-8B33-4FDD-B40D-55C10A0691B6}.Release|Any CPU.ActiveCfg = Release|Any CPU
		{15FBFAB8-8B33-4FDD-B40D-55C10A0691B6}.Release|Any CPU.Build.0 = Release|Any CPU
	EndGlobalSection
	GlobalSection(SolutionProperties) = preSolution
		HideSolutionNode = FALSE
	EndGlobalSection
	GlobalSection(ExtensibilityGlobals) = postSolution
		SolutionGuid = {4DF0F1E0-0F19-47A0-8962-3076DC4056AF}
	EndGlobalSection
EndGlobal
